// !$*UTF8*$!
{
	archiveVersion = 1;
	classes = {
	};
	objectVersion = 46;
	objects = {

/* Begin PBXBuildFile section */
		5EB9303FA9B240750638AE7C /* MSAFluidSolver.cpp in Sources */ = {isa = PBXBuildFile; fileRef = 5DAA01DF76EA921C7DA7405D /* MSAFluidSolver.cpp */; };
		825FA11382B216421AC896A6 /* MSAFluidDrawerBase.cpp in Sources */ = {isa = PBXBuildFile; fileRef = A0E48FD05BDA9491DCA86AAA /* MSAFluidDrawerBase.cpp */; };
		BBAB23CB13894F3D00AA2426 /* GLUT.framework in CopyFiles */ = {isa = PBXBuildFile; fileRef = BBAB23BE13894E4700AA2426 /* GLUT.framework */; };
		E4328149138ABC9F0047C5CB /* openFrameworksDebug.a in Frameworks */ = {isa = PBXBuildFile; fileRef = E4328148138ABC890047C5CB /* openFrameworksDebug.a */; };
		E45BE97B0E8CC7DD009D7055 /* AGL.framework in Frameworks */ = {isa = PBXBuildFile; fileRef = E45BE9710E8CC7DD009D7055 /* AGL.framework */; };
		E45BE97C0E8CC7DD009D7055 /* ApplicationServices.framework in Frameworks */ = {isa = PBXBuildFile; fileRef = E45BE9720E8CC7DD009D7055 /* ApplicationServices.framework */; };
		E45BE97D0E8CC7DD009D7055 /* AudioToolbox.framework in Frameworks */ = {isa = PBXBuildFile; fileRef = E45BE9730E8CC7DD009D7055 /* AudioToolbox.framework */; };
		E45BE97E0E8CC7DD009D7055 /* Carbon.framework in Frameworks */ = {isa = PBXBuildFile; fileRef = E45BE9740E8CC7DD009D7055 /* Carbon.framework */; };
		E45BE97F0E8CC7DD009D7055 /* CoreAudio.framework in Frameworks */ = {isa = PBXBuildFile; fileRef = E45BE9750E8CC7DD009D7055 /* CoreAudio.framework */; };
		E45BE9800E8CC7DD009D7055 /* CoreFoundation.framework in Frameworks */ = {isa = PBXBuildFile; fileRef = E45BE9760E8CC7DD009D7055 /* CoreFoundation.framework */; };
		E45BE9810E8CC7DD009D7055 /* CoreServices.framework in Frameworks */ = {isa = PBXBuildFile; fileRef = E45BE9770E8CC7DD009D7055 /* CoreServices.framework */; };
		E45BE9830E8CC7DD009D7055 /* OpenGL.framework in Frameworks */ = {isa = PBXBuildFile; fileRef = E45BE9790E8CC7DD009D7055 /* OpenGL.framework */; };
		E45BE9840E8CC7DD009D7055 /* QuickTime.framework in Frameworks */ = {isa = PBXBuildFile; fileRef = E45BE97A0E8CC7DD009D7055 /* QuickTime.framework */; };
		E4B69E200A3A1BDC003C02F2 /* main.cpp in Sources */ = {isa = PBXBuildFile; fileRef = E4B69E1D0A3A1BDC003C02F2 /* main.cpp */; };
		E4B69E210A3A1BDC003C02F2 /* testApp.cpp in Sources */ = {isa = PBXBuildFile; fileRef = E4B69E1E0A3A1BDC003C02F2 /* testApp.cpp */; };
		E4C2424710CC5A17004149E2 /* AppKit.framework in Frameworks */ = {isa = PBXBuildFile; fileRef = E4C2424410CC5A17004149E2 /* AppKit.framework */; };
		E4C2424810CC5A17004149E2 /* Cocoa.framework in Frameworks */ = {isa = PBXBuildFile; fileRef = E4C2424510CC5A17004149E2 /* Cocoa.framework */; };
		E4C2424910CC5A17004149E2 /* IOKit.framework in Frameworks */ = {isa = PBXBuildFile; fileRef = E4C2424610CC5A17004149E2 /* IOKit.framework */; };
		E4EB6799138ADC1D00A09F29 /* GLUT.framework in Frameworks */ = {isa = PBXBuildFile; fileRef = BBAB23BE13894E4700AA2426 /* GLUT.framework */; };
		E7E077E515D3B63C0020DFD4 /* CoreVideo.framework in Frameworks */ = {isa = PBXBuildFile; fileRef = E7E077E415D3B63C0020DFD4 /* CoreVideo.framework */; };
		E7E077E815D3B6510020DFD4 /* QTKit.framework in Frameworks */ = {isa = PBXBuildFile; fileRef = E7E077E715D3B6510020DFD4 /* QTKit.framework */; };
		E7F985F815E0DEA3003869B5 /* Accelerate.framework in Frameworks */ = {isa = PBXBuildFile; fileRef = E7F985F515E0DE99003869B5 /* Accelerate.framework */; };
		E989FACE18D5D9B1009147CD /* Particle.cpp in Sources */ = {isa = PBXBuildFile; fileRef = E989FACA18D5D9B1009147CD /* Particle.cpp */; };
		E989FACF18D5D9B1009147CD /* ParticleSystem.cpp in Sources */ = {isa = PBXBuildFile; fileRef = E989FACC18D5D9B1009147CD /* ParticleSystem.cpp */; };
		E989FADC18D5DA2F009147CD /* MSACoreGL.cpp in Sources */ = {isa = PBXBuildFile; fileRef = E989FAD918D5DA2F009147CD /* MSACoreGL.cpp */; };
		E989FB6518D5F75F009147CD /* IpEndpointName.cpp in Sources */ = {isa = PBXBuildFile; fileRef = E989FB4018D5F75F009147CD /* IpEndpointName.cpp */; };
		E989FB6618D5F75F009147CD /* NetworkingUtils.cpp in Sources */ = {isa = PBXBuildFile; fileRef = E989FB4518D5F75F009147CD /* NetworkingUtils.cpp */; };
		E989FB6718D5F75F009147CD /* UdpSocket.cpp in Sources */ = {isa = PBXBuildFile; fileRef = E989FB4618D5F75F009147CD /* UdpSocket.cpp */; };
		E989FB6A18D5F75F009147CD /* OscOutboundPacketStream.cpp in Sources */ = {isa = PBXBuildFile; fileRef = E989FB5018D5F75F009147CD /* OscOutboundPacketStream.cpp */; };
		E989FB6B18D5F75F009147CD /* OscPrintReceivedElements.cpp in Sources */ = {isa = PBXBuildFile; fileRef = E989FB5318D5F75F009147CD /* OscPrintReceivedElements.cpp */; };
		E989FB6C18D5F75F009147CD /* OscReceivedElements.cpp in Sources */ = {isa = PBXBuildFile; fileRef = E989FB5518D5F75F009147CD /* OscReceivedElements.cpp */; };
		E989FB6D18D5F75F009147CD /* OscTypes.cpp in Sources */ = {isa = PBXBuildFile; fileRef = E989FB5718D5F75F009147CD /* OscTypes.cpp */; };
		E989FB6E18D5F75F009147CD /* ofxOscBundle.cpp in Sources */ = {isa = PBXBuildFile; fileRef = E989FB5D18D5F75F009147CD /* ofxOscBundle.cpp */; };
		E989FB6F18D5F75F009147CD /* ofxOscMessage.cpp in Sources */ = {isa = PBXBuildFile; fileRef = E989FB5F18D5F75F009147CD /* ofxOscMessage.cpp */; };
		E989FB7018D5F75F009147CD /* ofxOscReceiver.cpp in Sources */ = {isa = PBXBuildFile; fileRef = E989FB6118D5F75F009147CD /* ofxOscReceiver.cpp */; };
		E989FB7118D5F75F009147CD /* ofxOscSender.cpp in Sources */ = {isa = PBXBuildFile; fileRef = E989FB6318D5F75F009147CD /* ofxOscSender.cpp */; };
		E989FBD018D5FA76009147CD /* ofxMSAInteractiveObject.cpp in Sources */ = {isa = PBXBuildFile; fileRef = E989FBCD18D5FA76009147CD /* ofxMSAInteractiveObject.cpp */; };
		E989FBDA18D5FA92009147CD /* tinyxml.cpp in Sources */ = {isa = PBXBuildFile; fileRef = E989FBD318D5FA92009147CD /* tinyxml.cpp */; };
		E989FBDB18D5FA92009147CD /* tinyxmlerror.cpp in Sources */ = {isa = PBXBuildFile; fileRef = E989FBD518D5FA92009147CD /* tinyxmlerror.cpp */; };
		E989FBDC18D5FA92009147CD /* tinyxmlparser.cpp in Sources */ = {isa = PBXBuildFile; fileRef = E989FBD618D5FA92009147CD /* tinyxmlparser.cpp */; };
		E989FBDD18D5FA92009147CD /* ofxXmlSettings.cpp in Sources */ = {isa = PBXBuildFile; fileRef = E989FBD818D5FA92009147CD /* ofxXmlSettings.cpp */; };
		E9991FC018E06B2F002647B3 /* ofxBaseGui.cpp in Sources */ = {isa = PBXBuildFile; fileRef = E9991FAF18E06B2F002647B3 /* ofxBaseGui.cpp */; };
		E9991FC118E06B2F002647B3 /* ofxButton.cpp in Sources */ = {isa = PBXBuildFile; fileRef = E9991FB118E06B2F002647B3 /* ofxButton.cpp */; };
		E9991FC218E06B2F002647B3 /* ofxGuiGroup.cpp in Sources */ = {isa = PBXBuildFile; fileRef = E9991FB418E06B2F002647B3 /* ofxGuiGroup.cpp */; };
		E9991FC318E06B2F002647B3 /* ofxLabel.cpp in Sources */ = {isa = PBXBuildFile; fileRef = E9991FB618E06B2F002647B3 /* ofxLabel.cpp */; };
		E9991FC418E06B2F002647B3 /* ofxPanel.cpp in Sources */ = {isa = PBXBuildFile; fileRef = E9991FB818E06B2F002647B3 /* ofxPanel.cpp */; };
		E9991FC518E06B2F002647B3 /* ofxSlider.cpp in Sources */ = {isa = PBXBuildFile; fileRef = E9991FBA18E06B2F002647B3 /* ofxSlider.cpp */; };
		E9991FC618E06B2F002647B3 /* ofxSliderGroup.cpp in Sources */ = {isa = PBXBuildFile; fileRef = E9991FBC18E06B2F002647B3 /* ofxSliderGroup.cpp */; };
		E9991FC718E06B2F002647B3 /* ofxToggle.cpp in Sources */ = {isa = PBXBuildFile; fileRef = E9991FBE18E06B2F002647B3 /* ofxToggle.cpp */; };
/* End PBXBuildFile section */

/* Begin PBXContainerItemProxy section */
		E4328147138ABC890047C5CB /* PBXContainerItemProxy */ = {
			isa = PBXContainerItemProxy;
			containerPortal = E4328143138ABC890047C5CB /* openFrameworksLib.xcodeproj */;
			proxyType = 2;
			remoteGlobalIDString = E4B27C1510CBEB8E00536013;
			remoteInfo = openFrameworks;
		};
		E4EEB9AB138B136A00A80321 /* PBXContainerItemProxy */ = {
			isa = PBXContainerItemProxy;
			containerPortal = E4328143138ABC890047C5CB /* openFrameworksLib.xcodeproj */;
			proxyType = 1;
			remoteGlobalIDString = E4B27C1410CBEB8E00536013;
			remoteInfo = openFrameworks;
		};
/* End PBXContainerItemProxy section */

/* Begin PBXCopyFilesBuildPhase section */
		E4C2427710CC5ABF004149E2 /* CopyFiles */ = {
			isa = PBXCopyFilesBuildPhase;
			buildActionMask = 2147483647;
			dstPath = "";
			dstSubfolderSpec = 10;
			files = (
				BBAB23CB13894F3D00AA2426 /* GLUT.framework in CopyFiles */,
			);
			runOnlyForDeploymentPostprocessing = 0;
		};
/* End PBXCopyFilesBuildPhase section */

/* Begin PBXFileReference section */
		1F197522BC00AB72C1A74679 /* MSAFluidParticleUpdater.h */ = {isa = PBXFileReference; explicitFileType = sourcecode.c.h; fileEncoding = 30; name = MSAFluidParticleUpdater.h; path = ../../../addons/ofxMSAFluid/src/MSAFluidParticleUpdater.h; sourceTree = SOURCE_ROOT; };
		58B94FFF012004B3A4E58F32 /* MSAFluid.h */ = {isa = PBXFileReference; explicitFileType = sourcecode.c.h; fileEncoding = 30; name = MSAFluid.h; path = ../../../addons/ofxMSAFluid/src/MSAFluid.h; sourceTree = SOURCE_ROOT; };
		5DAA01DF76EA921C7DA7405D /* MSAFluidSolver.cpp */ = {isa = PBXFileReference; explicitFileType = sourcecode.cpp.cpp; fileEncoding = 30; name = MSAFluidSolver.cpp; path = ../../../addons/ofxMSAFluid/src/MSAFluidSolver.cpp; sourceTree = SOURCE_ROOT; };
		A03B32B28652D6533C3A1C79 /* MSAFluidDrawerBase.h */ = {isa = PBXFileReference; explicitFileType = sourcecode.c.h; fileEncoding = 30; name = MSAFluidDrawerBase.h; path = ../../../addons/ofxMSAFluid/src/MSAFluidDrawerBase.h; sourceTree = SOURCE_ROOT; };
		A0E48FD05BDA9491DCA86AAA /* MSAFluidDrawerBase.cpp */ = {isa = PBXFileReference; explicitFileType = sourcecode.cpp.cpp; fileEncoding = 30; name = MSAFluidDrawerBase.cpp; path = ../../../addons/ofxMSAFluid/src/MSAFluidDrawerBase.cpp; sourceTree = SOURCE_ROOT; };
		BBAB23BE13894E4700AA2426 /* GLUT.framework */ = {isa = PBXFileReference; lastKnownFileType = wrapper.framework; name = GLUT.framework; path = ../../../libs/glut/lib/osx/GLUT.framework; sourceTree = "<group>"; };
		C38BBF8F08AC5F3FFA91E78B /* MSAFluidDrawerGl-OF.h */ = {isa = PBXFileReference; explicitFileType = sourcecode.c.h; fileEncoding = 30; name = "MSAFluidDrawerGl-OF.h"; path = "../../../addons/ofxMSAFluid/src/MSAFluidDrawerGl-OF.h"; sourceTree = SOURCE_ROOT; };
		DDC4B8E536952A629F6C5206 /* MSAFluidDrawerGl-Cinder.h */ = {isa = PBXFileReference; explicitFileType = sourcecode.c.h; fileEncoding = 30; name = "MSAFluidDrawerGl-Cinder.h"; path = "../../../addons/ofxMSAFluid/src/MSAFluidDrawerGl-Cinder.h"; sourceTree = SOURCE_ROOT; };
		E4328143138ABC890047C5CB /* openFrameworksLib.xcodeproj */ = {isa = PBXFileReference; lastKnownFileType = "wrapper.pb-project"; name = openFrameworksLib.xcodeproj; path = ../../../libs/openFrameworksCompiled/project/osx/openFrameworksLib.xcodeproj; sourceTree = SOURCE_ROOT; };
		E45BE9710E8CC7DD009D7055 /* AGL.framework */ = {isa = PBXFileReference; lastKnownFileType = wrapper.framework; name = AGL.framework; path = /System/Library/Frameworks/AGL.framework; sourceTree = "<absolute>"; };
		E45BE9720E8CC7DD009D7055 /* ApplicationServices.framework */ = {isa = PBXFileReference; lastKnownFileType = wrapper.framework; name = ApplicationServices.framework; path = /System/Library/Frameworks/ApplicationServices.framework; sourceTree = "<absolute>"; };
		E45BE9730E8CC7DD009D7055 /* AudioToolbox.framework */ = {isa = PBXFileReference; lastKnownFileType = wrapper.framework; name = AudioToolbox.framework; path = /System/Library/Frameworks/AudioToolbox.framework; sourceTree = "<absolute>"; };
		E45BE9740E8CC7DD009D7055 /* Carbon.framework */ = {isa = PBXFileReference; lastKnownFileType = wrapper.framework; name = Carbon.framework; path = /System/Library/Frameworks/Carbon.framework; sourceTree = "<absolute>"; };
		E45BE9750E8CC7DD009D7055 /* CoreAudio.framework */ = {isa = PBXFileReference; lastKnownFileType = wrapper.framework; name = CoreAudio.framework; path = /System/Library/Frameworks/CoreAudio.framework; sourceTree = "<absolute>"; };
		E45BE9760E8CC7DD009D7055 /* CoreFoundation.framework */ = {isa = PBXFileReference; lastKnownFileType = wrapper.framework; name = CoreFoundation.framework; path = /System/Library/Frameworks/CoreFoundation.framework; sourceTree = "<absolute>"; };
		E45BE9770E8CC7DD009D7055 /* CoreServices.framework */ = {isa = PBXFileReference; lastKnownFileType = wrapper.framework; name = CoreServices.framework; path = /System/Library/Frameworks/CoreServices.framework; sourceTree = "<absolute>"; };
		E45BE9790E8CC7DD009D7055 /* OpenGL.framework */ = {isa = PBXFileReference; lastKnownFileType = wrapper.framework; name = OpenGL.framework; path = /System/Library/Frameworks/OpenGL.framework; sourceTree = "<absolute>"; };
		E45BE97A0E8CC7DD009D7055 /* QuickTime.framework */ = {isa = PBXFileReference; lastKnownFileType = wrapper.framework; name = QuickTime.framework; path = /System/Library/Frameworks/QuickTime.framework; sourceTree = "<absolute>"; };
		E4B69B5B0A3A1756003C02F2 /* FluidTestDebug.app */ = {isa = PBXFileReference; explicitFileType = wrapper.application; includeInIndex = 0; path = FluidTestDebug.app; sourceTree = BUILT_PRODUCTS_DIR; };
		E4B69E1D0A3A1BDC003C02F2 /* main.cpp */ = {isa = PBXFileReference; fileEncoding = 30; lastKnownFileType = sourcecode.cpp.cpp; name = main.cpp; path = src/main.cpp; sourceTree = SOURCE_ROOT; };
		E4B69E1E0A3A1BDC003C02F2 /* testApp.cpp */ = {isa = PBXFileReference; explicitFileType = sourcecode.cpp.cpp; fileEncoding = 30; name = testApp.cpp; path = src/testApp.cpp; sourceTree = SOURCE_ROOT; };
		E4B69E1F0A3A1BDC003C02F2 /* testApp.h */ = {isa = PBXFileReference; fileEncoding = 30; lastKnownFileType = sourcecode.c.h; name = testApp.h; path = src/testApp.h; sourceTree = SOURCE_ROOT; };
		E4B6FCAD0C3E899E008CF71C /* openFrameworks-Info.plist */ = {isa = PBXFileReference; fileEncoding = 30; lastKnownFileType = text.plist.xml; path = "openFrameworks-Info.plist"; sourceTree = "<group>"; };
		E4C2424410CC5A17004149E2 /* AppKit.framework */ = {isa = PBXFileReference; lastKnownFileType = wrapper.framework; name = AppKit.framework; path = /System/Library/Frameworks/AppKit.framework; sourceTree = "<absolute>"; };
		E4C2424510CC5A17004149E2 /* Cocoa.framework */ = {isa = PBXFileReference; lastKnownFileType = wrapper.framework; name = Cocoa.framework; path = /System/Library/Frameworks/Cocoa.framework; sourceTree = "<absolute>"; };
		E4C2424610CC5A17004149E2 /* IOKit.framework */ = {isa = PBXFileReference; lastKnownFileType = wrapper.framework; name = IOKit.framework; path = /System/Library/Frameworks/IOKit.framework; sourceTree = "<absolute>"; };
		E4EB691F138AFCF100A09F29 /* CoreOF.xcconfig */ = {isa = PBXFileReference; fileEncoding = 4; lastKnownFileType = text.xcconfig; name = CoreOF.xcconfig; path = ../../../libs/openFrameworksCompiled/project/osx/CoreOF.xcconfig; sourceTree = SOURCE_ROOT; };
		E4EB6923138AFD0F00A09F29 /* Project.xcconfig */ = {isa = PBXFileReference; fileEncoding = 4; lastKnownFileType = text.xcconfig; path = Project.xcconfig; sourceTree = "<group>"; };
		E7E077E415D3B63C0020DFD4 /* CoreVideo.framework */ = {isa = PBXFileReference; lastKnownFileType = wrapper.framework; name = CoreVideo.framework; path = /System/Library/Frameworks/CoreVideo.framework; sourceTree = "<absolute>"; };
		E7E077E715D3B6510020DFD4 /* QTKit.framework */ = {isa = PBXFileReference; lastKnownFileType = wrapper.framework; name = QTKit.framework; path = /System/Library/Frameworks/QTKit.framework; sourceTree = "<absolute>"; };
		E7F985F515E0DE99003869B5 /* Accelerate.framework */ = {isa = PBXFileReference; lastKnownFileType = wrapper.framework; name = Accelerate.framework; path = /System/Library/Frameworks/Accelerate.framework; sourceTree = "<absolute>"; };
		E989FACA18D5D9B1009147CD /* Particle.cpp */ = {isa = PBXFileReference; fileEncoding = 4; lastKnownFileType = sourcecode.cpp.cpp; path = Particle.cpp; sourceTree = "<group>"; };
		E989FACB18D5D9B1009147CD /* Particle.h */ = {isa = PBXFileReference; fileEncoding = 4; lastKnownFileType = sourcecode.c.h; path = Particle.h; sourceTree = "<group>"; };
		E989FACC18D5D9B1009147CD /* ParticleSystem.cpp */ = {isa = PBXFileReference; fileEncoding = 4; lastKnownFileType = sourcecode.cpp.cpp; path = ParticleSystem.cpp; sourceTree = "<group>"; };
		E989FACD18D5D9B1009147CD /* ParticleSystem.h */ = {isa = PBXFileReference; fileEncoding = 4; lastKnownFileType = sourcecode.c.h; path = ParticleSystem.h; sourceTree = "<group>"; };
		E989FAD118D5DA2F009147CD /* .gitignore */ = {isa = PBXFileReference; fileEncoding = 4; lastKnownFileType = text; path = .gitignore; sourceTree = "<group>"; };
		E989FAD218D5DA2F009147CD /* license.md */ = {isa = PBXFileReference; fileEncoding = 4; lastKnownFileType = text; path = license.md; sourceTree = "<group>"; };
		E989FAD318D5DA2F009147CD /* README.md */ = {isa = PBXFileReference; fileEncoding = 4; lastKnownFileType = text; path = README.md; sourceTree = "<group>"; };
		E989FAD518D5DA2F009147CD /* MSACore-Cinder.h */ = {isa = PBXFileReference; fileEncoding = 4; lastKnownFileType = sourcecode.c.h; path = "MSACore-Cinder.h"; sourceTree = "<group>"; };
		E989FAD618D5DA2F009147CD /* MSACore-OF.h */ = {isa = PBXFileReference; fileEncoding = 4; lastKnownFileType = sourcecode.c.h; path = "MSACore-OF.h"; sourceTree = "<group>"; };
		E989FAD718D5DA2F009147CD /* MSACore.h */ = {isa = PBXFileReference; fileEncoding = 4; lastKnownFileType = sourcecode.c.h; path = MSACore.h; sourceTree = "<group>"; };
		E989FAD818D5DA2F009147CD /* MSACoreCommon.h */ = {isa = PBXFileReference; fileEncoding = 4; lastKnownFileType = sourcecode.c.h; path = MSACoreCommon.h; sourceTree = "<group>"; };
		E989FAD918D5DA2F009147CD /* MSACoreGL.cpp */ = {isa = PBXFileReference; fileEncoding = 4; lastKnownFileType = sourcecode.cpp.cpp; path = MSACoreGL.cpp; sourceTree = "<group>"; };
		E989FADA18D5DA2F009147CD /* MSACoreGL.h */ = {isa = PBXFileReference; fileEncoding = 4; lastKnownFileType = sourcecode.c.h; path = MSACoreGL.h; sourceTree = "<group>"; };
		E989FADB18D5DA2F009147CD /* MSACoreMath.h */ = {isa = PBXFileReference; fileEncoding = 4; lastKnownFileType = sourcecode.c.h; path = MSACoreMath.h; sourceTree = "<group>"; };
		E989FADE18D5DA76009147CD /* .gitignore */ = {isa = PBXFileReference; fileEncoding = 4; lastKnownFileType = text; path = .gitignore; sourceTree = "<group>"; };
		E989FAEE18D5DA76009147CD /* Icon */ = {isa = PBXFileReference; fileEncoding = 4; lastKnownFileType = text; path = Icon; sourceTree = "<group>"; };
		E989FAEF18D5DA76009147CD /* README.md */ = {isa = PBXFileReference; fileEncoding = 4; lastKnownFileType = text; path = README.md; sourceTree = "<group>"; };
		E989FAF118D5DA76009147CD /* ofxTuio.h */ = {isa = PBXFileReference; fileEncoding = 4; lastKnownFileType = sourcecode.c.h; path = ofxTuio.h; sourceTree = "<group>"; };
		E989FAF218D5DA76009147CD /* ofxTuioClient.h */ = {isa = PBXFileReference; fileEncoding = 4; lastKnownFileType = sourcecode.c.h; path = ofxTuioClient.h; sourceTree = "<group>"; };
		E989FAF318D5DA76009147CD /* ofxTuioContainer.h */ = {isa = PBXFileReference; fileEncoding = 4; lastKnownFileType = sourcecode.c.h; path = ofxTuioContainer.h; sourceTree = "<group>"; };
		E989FAF418D5DA76009147CD /* ofxTuioCursor.h */ = {isa = PBXFileReference; fileEncoding = 4; lastKnownFileType = sourcecode.c.h; path = ofxTuioCursor.h; sourceTree = "<group>"; };
		E989FAF518D5DA76009147CD /* ofxTuioObject.h */ = {isa = PBXFileReference; fileEncoding = 4; lastKnownFileType = sourcecode.c.h; path = ofxTuioObject.h; sourceTree = "<group>"; };
		E989FAF618D5DA76009147CD /* ofxTuioPoint.h */ = {isa = PBXFileReference; fileEncoding = 4; lastKnownFileType = sourcecode.c.h; path = ofxTuioPoint.h; sourceTree = "<group>"; };
		E989FB3B18D5F75F009147CD /* install.xml */ = {isa = PBXFileReference; fileEncoding = 4; lastKnownFileType = text.xml; path = install.xml; sourceTree = "<group>"; };
		E989FB4018D5F75F009147CD /* IpEndpointName.cpp */ = {isa = PBXFileReference; fileEncoding = 4; lastKnownFileType = sourcecode.cpp.cpp; path = IpEndpointName.cpp; sourceTree = "<group>"; };
		E989FB4118D5F75F009147CD /* IpEndpointName.h */ = {isa = PBXFileReference; fileEncoding = 4; lastKnownFileType = sourcecode.c.h; path = IpEndpointName.h; sourceTree = "<group>"; };
		E989FB4218D5F75F009147CD /* NetworkingUtils.h */ = {isa = PBXFileReference; fileEncoding = 4; lastKnownFileType = sourcecode.c.h; path = NetworkingUtils.h; sourceTree = "<group>"; };
		E989FB4318D5F75F009147CD /* PacketListener.h */ = {isa = PBXFileReference; fileEncoding = 4; lastKnownFileType = sourcecode.c.h; path = PacketListener.h; sourceTree = "<group>"; };
		E989FB4518D5F75F009147CD /* NetworkingUtils.cpp */ = {isa = PBXFileReference; fileEncoding = 4; lastKnownFileType = sourcecode.cpp.cpp; path = NetworkingUtils.cpp; sourceTree = "<group>"; };
		E989FB4618D5F75F009147CD /* UdpSocket.cpp */ = {isa = PBXFileReference; fileEncoding = 4; lastKnownFileType = sourcecode.cpp.cpp; path = UdpSocket.cpp; sourceTree = "<group>"; };
		E989FB4718D5F75F009147CD /* TimerListener.h */ = {isa = PBXFileReference; fileEncoding = 4; lastKnownFileType = sourcecode.c.h; path = TimerListener.h; sourceTree = "<group>"; };
		E989FB4818D5F75F009147CD /* UdpSocket.h */ = {isa = PBXFileReference; fileEncoding = 4; lastKnownFileType = sourcecode.c.h; path = UdpSocket.h; sourceTree = "<group>"; };
		E989FB4D18D5F75F009147CD /* MessageMappingOscPacketListener.h */ = {isa = PBXFileReference; fileEncoding = 4; lastKnownFileType = sourcecode.c.h; path = MessageMappingOscPacketListener.h; sourceTree = "<group>"; };
		E989FB4E18D5F75F009147CD /* OscException.h */ = {isa = PBXFileReference; fileEncoding = 4; lastKnownFileType = sourcecode.c.h; path = OscException.h; sourceTree = "<group>"; };
		E989FB4F18D5F75F009147CD /* OscHostEndianness.h */ = {isa = PBXFileReference; fileEncoding = 4; lastKnownFileType = sourcecode.c.h; path = OscHostEndianness.h; sourceTree = "<group>"; };
		E989FB5018D5F75F009147CD /* OscOutboundPacketStream.cpp */ = {isa = PBXFileReference; fileEncoding = 4; lastKnownFileType = sourcecode.cpp.cpp; path = OscOutboundPacketStream.cpp; sourceTree = "<group>"; };
		E989FB5118D5F75F009147CD /* OscOutboundPacketStream.h */ = {isa = PBXFileReference; fileEncoding = 4; lastKnownFileType = sourcecode.c.h; path = OscOutboundPacketStream.h; sourceTree = "<group>"; };
		E989FB5218D5F75F009147CD /* OscPacketListener.h */ = {isa = PBXFileReference; fileEncoding = 4; lastKnownFileType = sourcecode.c.h; path = OscPacketListener.h; sourceTree = "<group>"; };
		E989FB5318D5F75F009147CD /* OscPrintReceivedElements.cpp */ = {isa = PBXFileReference; fileEncoding = 4; lastKnownFileType = sourcecode.cpp.cpp; path = OscPrintReceivedElements.cpp; sourceTree = "<group>"; };
		E989FB5418D5F75F009147CD /* OscPrintReceivedElements.h */ = {isa = PBXFileReference; fileEncoding = 4; lastKnownFileType = sourcecode.c.h; path = OscPrintReceivedElements.h; sourceTree = "<group>"; };
		E989FB5518D5F75F009147CD /* OscReceivedElements.cpp */ = {isa = PBXFileReference; fileEncoding = 4; lastKnownFileType = sourcecode.cpp.cpp; path = OscReceivedElements.cpp; sourceTree = "<group>"; };
		E989FB5618D5F75F009147CD /* OscReceivedElements.h */ = {isa = PBXFileReference; fileEncoding = 4; lastKnownFileType = sourcecode.c.h; path = OscReceivedElements.h; sourceTree = "<group>"; };
		E989FB5718D5F75F009147CD /* OscTypes.cpp */ = {isa = PBXFileReference; fileEncoding = 4; lastKnownFileType = sourcecode.cpp.cpp; path = OscTypes.cpp; sourceTree = "<group>"; };
		E989FB5818D5F75F009147CD /* OscTypes.h */ = {isa = PBXFileReference; fileEncoding = 4; lastKnownFileType = sourcecode.c.h; path = OscTypes.h; sourceTree = "<group>"; };
		E989FB5918D5F75F009147CD /* README.md */ = {isa = PBXFileReference; fileEncoding = 4; lastKnownFileType = text; path = README.md; sourceTree = "<group>"; };
		E989FB5B18D5F75F009147CD /* ofxOsc.h */ = {isa = PBXFileReference; fileEncoding = 4; lastKnownFileType = sourcecode.c.h; path = ofxOsc.h; sourceTree = "<group>"; };
		E989FB5C18D5F75F009147CD /* ofxOscArg.h */ = {isa = PBXFileReference; fileEncoding = 4; lastKnownFileType = sourcecode.c.h; path = ofxOscArg.h; sourceTree = "<group>"; };
		E989FB5D18D5F75F009147CD /* ofxOscBundle.cpp */ = {isa = PBXFileReference; fileEncoding = 4; lastKnownFileType = sourcecode.cpp.cpp; path = ofxOscBundle.cpp; sourceTree = "<group>"; };
		E989FB5E18D5F75F009147CD /* ofxOscBundle.h */ = {isa = PBXFileReference; fileEncoding = 4; lastKnownFileType = sourcecode.c.h; path = ofxOscBundle.h; sourceTree = "<group>"; };
		E989FB5F18D5F75F009147CD /* ofxOscMessage.cpp */ = {isa = PBXFileReference; fileEncoding = 4; lastKnownFileType = sourcecode.cpp.cpp; path = ofxOscMessage.cpp; sourceTree = "<group>"; };
		E989FB6018D5F75F009147CD /* ofxOscMessage.h */ = {isa = PBXFileReference; fileEncoding = 4; lastKnownFileType = sourcecode.c.h; path = ofxOscMessage.h; sourceTree = "<group>"; };
		E989FB6118D5F75F009147CD /* ofxOscReceiver.cpp */ = {isa = PBXFileReference; fileEncoding = 4; lastKnownFileType = sourcecode.cpp.cpp; path = ofxOscReceiver.cpp; sourceTree = "<group>"; };
		E989FB6218D5F75F009147CD /* ofxOscReceiver.h */ = {isa = PBXFileReference; fileEncoding = 4; lastKnownFileType = sourcecode.c.h; path = ofxOscReceiver.h; sourceTree = "<group>"; };
		E989FB6318D5F75F009147CD /* ofxOscSender.cpp */ = {isa = PBXFileReference; fileEncoding = 4; lastKnownFileType = sourcecode.cpp.cpp; path = ofxOscSender.cpp; sourceTree = "<group>"; };
		E989FB6418D5F75F009147CD /* ofxOscSender.h */ = {isa = PBXFileReference; fileEncoding = 4; lastKnownFileType = sourcecode.c.h; path = ofxOscSender.h; sourceTree = "<group>"; };
		E989FBC718D5FA76009147CD /* .gitignore */ = {isa = PBXFileReference; fileEncoding = 4; lastKnownFileType = text; path = .gitignore; sourceTree = "<group>"; };
		E989FBC818D5FA76009147CD /* changelog.txt */ = {isa = PBXFileReference; fileEncoding = 4; lastKnownFileType = text; path = changelog.txt; sourceTree = "<group>"; };
		E989FBC918D5FA76009147CD /* install.xml */ = {isa = PBXFileReference; fileEncoding = 4; lastKnownFileType = text.xml; path = install.xml; sourceTree = "<group>"; };
		E989FBCA18D5FA76009147CD /* LICENSE.txt */ = {isa = PBXFileReference; fileEncoding = 4; lastKnownFileType = text; path = LICENSE.txt; sourceTree = "<group>"; };
		E989FBCB18D5FA76009147CD /* README */ = {isa = PBXFileReference; fileEncoding = 4; lastKnownFileType = text; path = README; sourceTree = "<group>"; };
		E989FBCD18D5FA76009147CD /* ofxMSAInteractiveObject.cpp */ = {isa = PBXFileReference; fileEncoding = 4; lastKnownFileType = sourcecode.cpp.cpp; path = ofxMSAInteractiveObject.cpp; sourceTree = "<group>"; };
		E989FBCE18D5FA76009147CD /* ofxMSAInteractiveObject.h */ = {isa = PBXFileReference; fileEncoding = 4; lastKnownFileType = sourcecode.c.h; path = ofxMSAInteractiveObject.h; sourceTree = "<group>"; };
		E989FBCF18D5FA76009147CD /* ofxMSAInteractiveObjectDelegate.h */ = {isa = PBXFileReference; fileEncoding = 4; lastKnownFileType = sourcecode.c.h; path = ofxMSAInteractiveObjectDelegate.h; sourceTree = "<group>"; };
		E989FBD318D5FA92009147CD /* tinyxml.cpp */ = {isa = PBXFileReference; fileEncoding = 4; lastKnownFileType = sourcecode.cpp.cpp; path = tinyxml.cpp; sourceTree = "<group>"; };
		E989FBD418D5FA92009147CD /* tinyxml.h */ = {isa = PBXFileReference; fileEncoding = 4; lastKnownFileType = sourcecode.c.h; path = tinyxml.h; sourceTree = "<group>"; };
		E989FBD518D5FA92009147CD /* tinyxmlerror.cpp */ = {isa = PBXFileReference; fileEncoding = 4; lastKnownFileType = sourcecode.cpp.cpp; path = tinyxmlerror.cpp; sourceTree = "<group>"; };
		E989FBD618D5FA92009147CD /* tinyxmlparser.cpp */ = {isa = PBXFileReference; fileEncoding = 4; lastKnownFileType = sourcecode.cpp.cpp; path = tinyxmlparser.cpp; sourceTree = "<group>"; };
		E989FBD818D5FA92009147CD /* ofxXmlSettings.cpp */ = {isa = PBXFileReference; fileEncoding = 4; lastKnownFileType = sourcecode.cpp.cpp; path = ofxXmlSettings.cpp; sourceTree = "<group>"; };
		E989FBD918D5FA92009147CD /* ofxXmlSettings.h */ = {isa = PBXFileReference; fileEncoding = 4; lastKnownFileType = sourcecode.c.h; path = ofxXmlSettings.h; sourceTree = "<group>"; };
		E9991FAF18E06B2F002647B3 /* ofxBaseGui.cpp */ = {isa = PBXFileReference; fileEncoding = 4; lastKnownFileType = sourcecode.cpp.cpp; path = ofxBaseGui.cpp; sourceTree = "<group>"; };
		E9991FB018E06B2F002647B3 /* ofxBaseGui.h */ = {isa = PBXFileReference; fileEncoding = 4; lastKnownFileType = sourcecode.c.h; path = ofxBaseGui.h; sourceTree = "<group>"; };
		E9991FB118E06B2F002647B3 /* ofxButton.cpp */ = {isa = PBXFileReference; fileEncoding = 4; lastKnownFileType = sourcecode.cpp.cpp; path = ofxButton.cpp; sourceTree = "<group>"; };
		E9991FB218E06B2F002647B3 /* ofxButton.h */ = {isa = PBXFileReference; fileEncoding = 4; lastKnownFileType = sourcecode.c.h; path = ofxButton.h; sourceTree = "<group>"; };
		E9991FB318E06B2F002647B3 /* ofxGui.h */ = {isa = PBXFileReference; fileEncoding = 4; lastKnownFileType = sourcecode.c.h; path = ofxGui.h; sourceTree = "<group>"; };
		E9991FB418E06B2F002647B3 /* ofxGuiGroup.cpp */ = {isa = PBXFileReference; fileEncoding = 4; lastKnownFileType = sourcecode.cpp.cpp; path = ofxGuiGroup.cpp; sourceTree = "<group>"; };
		E9991FB518E06B2F002647B3 /* ofxGuiGroup.h */ = {isa = PBXFileReference; fileEncoding = 4; lastKnownFileType = sourcecode.c.h; path = ofxGuiGroup.h; sourceTree = "<group>"; };
		E9991FB618E06B2F002647B3 /* ofxLabel.cpp */ = {isa = PBXFileReference; fileEncoding = 4; lastKnownFileType = sourcecode.cpp.cpp; path = ofxLabel.cpp; sourceTree = "<group>"; };
		E9991FB718E06B2F002647B3 /* ofxLabel.h */ = {isa = PBXFileReference; fileEncoding = 4; lastKnownFileType = sourcecode.c.h; path = ofxLabel.h; sourceTree = "<group>"; };
		E9991FB818E06B2F002647B3 /* ofxPanel.cpp */ = {isa = PBXFileReference; fileEncoding = 4; lastKnownFileType = sourcecode.cpp.cpp; path = ofxPanel.cpp; sourceTree = "<group>"; };
		E9991FB918E06B2F002647B3 /* ofxPanel.h */ = {isa = PBXFileReference; fileEncoding = 4; lastKnownFileType = sourcecode.c.h; path = ofxPanel.h; sourceTree = "<group>"; };
		E9991FBA18E06B2F002647B3 /* ofxSlider.cpp */ = {isa = PBXFileReference; fileEncoding = 4; lastKnownFileType = sourcecode.cpp.cpp; path = ofxSlider.cpp; sourceTree = "<group>"; };
		E9991FBB18E06B2F002647B3 /* ofxSlider.h */ = {isa = PBXFileReference; fileEncoding = 4; lastKnownFileType = sourcecode.c.h; path = ofxSlider.h; sourceTree = "<group>"; };
		E9991FBC18E06B2F002647B3 /* ofxSliderGroup.cpp */ = {isa = PBXFileReference; fileEncoding = 4; lastKnownFileType = sourcecode.cpp.cpp; path = ofxSliderGroup.cpp; sourceTree = "<group>"; };
		E9991FBD18E06B2F002647B3 /* ofxSliderGroup.h */ = {isa = PBXFileReference; fileEncoding = 4; lastKnownFileType = sourcecode.c.h; path = ofxSliderGroup.h; sourceTree = "<group>"; };
		E9991FBE18E06B2F002647B3 /* ofxToggle.cpp */ = {isa = PBXFileReference; fileEncoding = 4; lastKnownFileType = sourcecode.cpp.cpp; path = ofxToggle.cpp; sourceTree = "<group>"; };
		E9991FBF18E06B2F002647B3 /* ofxToggle.h */ = {isa = PBXFileReference; fileEncoding = 4; lastKnownFileType = sourcecode.c.h; path = ofxToggle.h; sourceTree = "<group>"; };
		F1AE3CD94973EF5B13267CA6 /* MSAFluidSolver.h */ = {isa = PBXFileReference; explicitFileType = sourcecode.c.h; fileEncoding = 30; name = MSAFluidSolver.h; path = ../../../addons/ofxMSAFluid/src/MSAFluidSolver.h; sourceTree = SOURCE_ROOT; };
/* End PBXFileReference section */

/* Begin PBXFrameworksBuildPhase section */
		E4B69B590A3A1756003C02F2 /* Frameworks */ = {
			isa = PBXFrameworksBuildPhase;
			buildActionMask = 2147483647;
			files = (
				E7F985F815E0DEA3003869B5 /* Accelerate.framework in Frameworks */,
				E7E077E815D3B6510020DFD4 /* QTKit.framework in Frameworks */,
				E4EB6799138ADC1D00A09F29 /* GLUT.framework in Frameworks */,
				E4328149138ABC9F0047C5CB /* openFrameworksDebug.a in Frameworks */,
				E45BE97B0E8CC7DD009D7055 /* AGL.framework in Frameworks */,
				E45BE97C0E8CC7DD009D7055 /* ApplicationServices.framework in Frameworks */,
				E45BE97D0E8CC7DD009D7055 /* AudioToolbox.framework in Frameworks */,
				E45BE97E0E8CC7DD009D7055 /* Carbon.framework in Frameworks */,
				E45BE97F0E8CC7DD009D7055 /* CoreAudio.framework in Frameworks */,
				E45BE9800E8CC7DD009D7055 /* CoreFoundation.framework in Frameworks */,
				E45BE9810E8CC7DD009D7055 /* CoreServices.framework in Frameworks */,
				E45BE9830E8CC7DD009D7055 /* OpenGL.framework in Frameworks */,
				E45BE9840E8CC7DD009D7055 /* QuickTime.framework in Frameworks */,
				E4C2424710CC5A17004149E2 /* AppKit.framework in Frameworks */,
				E4C2424810CC5A17004149E2 /* Cocoa.framework in Frameworks */,
				E4C2424910CC5A17004149E2 /* IOKit.framework in Frameworks */,
				E7E077E515D3B63C0020DFD4 /* CoreVideo.framework in Frameworks */,
			);
			runOnlyForDeploymentPostprocessing = 0;
		};
/* End PBXFrameworksBuildPhase section */

/* Begin PBXGroup section */
		4285052C1A445B625F6991C3 /* src */ = {
			isa = PBXGroup;
			children = (
				58B94FFF012004B3A4E58F32 /* MSAFluid.h */,
				A0E48FD05BDA9491DCA86AAA /* MSAFluidDrawerBase.cpp */,
				A03B32B28652D6533C3A1C79 /* MSAFluidDrawerBase.h */,
				DDC4B8E536952A629F6C5206 /* MSAFluidDrawerGl-Cinder.h */,
				C38BBF8F08AC5F3FFA91E78B /* MSAFluidDrawerGl-OF.h */,
				1F197522BC00AB72C1A74679 /* MSAFluidParticleUpdater.h */,
				5DAA01DF76EA921C7DA7405D /* MSAFluidSolver.cpp */,
				F1AE3CD94973EF5B13267CA6 /* MSAFluidSolver.h */,
			);
			name = src;
			sourceTree = "<group>";
		};
		BB4B014C10F69532006C3DED /* addons */ = {
			isa = PBXGroup;
			children = (
				E9991FAD18E06B2F002647B3 /* ofxGui */,
				E989FBD118D5FA92009147CD /* ofxXmlSettings */,
				E989FBC618D5FA76009147CD /* ofxMSAInteractiveObject */,
				E989FB3A18D5F75F009147CD /* ofxOsc */,
				E989FADD18D5DA76009147CD /* ofxTuio */,
				E989FAD018D5DA2F009147CD /* ofxMSACore */,
				D3F713A22A3C00BCDADCEBED /* ofxMSAFluid */,
			);
			name = addons;
			sourceTree = "<group>";
		};
		BBAB23C913894ECA00AA2426 /* system frameworks */ = {
			isa = PBXGroup;
			children = (
				E7F985F515E0DE99003869B5 /* Accelerate.framework */,
				E4C2424410CC5A17004149E2 /* AppKit.framework */,
				E4C2424510CC5A17004149E2 /* Cocoa.framework */,
				E4C2424610CC5A17004149E2 /* IOKit.framework */,
				E45BE9710E8CC7DD009D7055 /* AGL.framework */,
				E45BE9720E8CC7DD009D7055 /* ApplicationServices.framework */,
				E45BE9730E8CC7DD009D7055 /* AudioToolbox.framework */,
				E45BE9740E8CC7DD009D7055 /* Carbon.framework */,
				E45BE9750E8CC7DD009D7055 /* CoreAudio.framework */,
				E45BE9760E8CC7DD009D7055 /* CoreFoundation.framework */,
				E45BE9770E8CC7DD009D7055 /* CoreServices.framework */,
				E45BE9790E8CC7DD009D7055 /* OpenGL.framework */,
				E45BE97A0E8CC7DD009D7055 /* QuickTime.framework */,
				E7E077E415D3B63C0020DFD4 /* CoreVideo.framework */,
				E7E077E715D3B6510020DFD4 /* QTKit.framework */,
			);
			name = "system frameworks";
			sourceTree = "<group>";
		};
		BBAB23CA13894EDB00AA2426 /* 3rd party frameworks */ = {
			isa = PBXGroup;
			children = (
				BBAB23BE13894E4700AA2426 /* GLUT.framework */,
			);
			name = "3rd party frameworks";
			sourceTree = "<group>";
		};
		D3F713A22A3C00BCDADCEBED /* ofxMSAFluid */ = {
			isa = PBXGroup;
			children = (
				4285052C1A445B625F6991C3 /* src */,
			);
			name = ofxMSAFluid;
			sourceTree = "<group>";
		};
		E4328144138ABC890047C5CB /* Products */ = {
			isa = PBXGroup;
			children = (
				E4328148138ABC890047C5CB /* openFrameworksDebug.a */,
			);
			name = Products;
			sourceTree = "<group>";
		};
		E45BE5980E8CC70C009D7055 /* frameworks */ = {
			isa = PBXGroup;
			children = (
				BBAB23CA13894EDB00AA2426 /* 3rd party frameworks */,
				BBAB23C913894ECA00AA2426 /* system frameworks */,
			);
			name = frameworks;
			sourceTree = "<group>";
		};
		E4B69B4A0A3A1720003C02F2 = {
			isa = PBXGroup;
			children = (
				E4B6FCAD0C3E899E008CF71C /* openFrameworks-Info.plist */,
				E4EB6923138AFD0F00A09F29 /* Project.xcconfig */,
				E4B69E1C0A3A1BDC003C02F2 /* src */,
				E4EEC9E9138DF44700A80321 /* openFrameworks */,
				BB4B014C10F69532006C3DED /* addons */,
				E45BE5980E8CC70C009D7055 /* frameworks */,
				E4B69B5B0A3A1756003C02F2 /* FluidTestDebug.app */,
			);
			sourceTree = "<group>";
		};
		E4B69E1C0A3A1BDC003C02F2 /* src */ = {
			isa = PBXGroup;
			children = (
				E989FACA18D5D9B1009147CD /* Particle.cpp */,
				E989FACB18D5D9B1009147CD /* Particle.h */,
				E989FACC18D5D9B1009147CD /* ParticleSystem.cpp */,
				E989FACD18D5D9B1009147CD /* ParticleSystem.h */,
				E4B69E1D0A3A1BDC003C02F2 /* main.cpp */,
				E4B69E1E0A3A1BDC003C02F2 /* testApp.cpp */,
				E4B69E1F0A3A1BDC003C02F2 /* testApp.h */,
			);
			path = src;
			sourceTree = SOURCE_ROOT;
		};
		E4EEC9E9138DF44700A80321 /* openFrameworks */ = {
			isa = PBXGroup;
			children = (
				E4EB691F138AFCF100A09F29 /* CoreOF.xcconfig */,
				E4328143138ABC890047C5CB /* openFrameworksLib.xcodeproj */,
			);
			name = openFrameworks;
			sourceTree = "<group>";
		};
		E989FAD018D5DA2F009147CD /* ofxMSACore */ = {
			isa = PBXGroup;
			children = (
				E989FAD118D5DA2F009147CD /* .gitignore */,
				E989FAD218D5DA2F009147CD /* license.md */,
				E989FAD318D5DA2F009147CD /* README.md */,
				E989FAD418D5DA2F009147CD /* src */,
			);
			path = ofxMSACore;
			sourceTree = "<group>";
		};
		E989FAD418D5DA2F009147CD /* src */ = {
			isa = PBXGroup;
			children = (
				E989FAD518D5DA2F009147CD /* MSACore-Cinder.h */,
				E989FAD618D5DA2F009147CD /* MSACore-OF.h */,
				E989FAD718D5DA2F009147CD /* MSACore.h */,
				E989FAD818D5DA2F009147CD /* MSACoreCommon.h */,
				E989FAD918D5DA2F009147CD /* MSACoreGL.cpp */,
				E989FADA18D5DA2F009147CD /* MSACoreGL.h */,
				E989FADB18D5DA2F009147CD /* MSACoreMath.h */,
			);
			path = src;
			sourceTree = "<group>";
		};
		E989FADD18D5DA76009147CD /* ofxTuio */ = {
			isa = PBXGroup;
			children = (
				E989FADE18D5DA76009147CD /* .gitignore */,
				E989FAEE18D5DA76009147CD /* Icon */,
				E989FAEF18D5DA76009147CD /* README.md */,
				E989FAF018D5DA76009147CD /* src */,
			);
			path = ofxTuio;
			sourceTree = "<group>";
		};
		E989FAF018D5DA76009147CD /* src */ = {
			isa = PBXGroup;
			children = (
				E989FAF118D5DA76009147CD /* ofxTuio.h */,
				E989FAF218D5DA76009147CD /* ofxTuioClient.h */,
				E989FAF318D5DA76009147CD /* ofxTuioContainer.h */,
				E989FAF418D5DA76009147CD /* ofxTuioCursor.h */,
				E989FAF518D5DA76009147CD /* ofxTuioObject.h */,
				E989FAF618D5DA76009147CD /* ofxTuioPoint.h */,
			);
			path = src;
			sourceTree = "<group>";
		};
		E989FB3A18D5F75F009147CD /* ofxOsc */ = {
			isa = PBXGroup;
			children = (
				E989FB3B18D5F75F009147CD /* install.xml */,
				E989FB3C18D5F75F009147CD /* libs */,
				E989FB5918D5F75F009147CD /* README.md */,
				E989FB5A18D5F75F009147CD /* src */,
			);
			path = ofxOsc;
			sourceTree = "<group>";
		};
		E989FB3C18D5F75F009147CD /* libs */ = {
			isa = PBXGroup;
			children = (
				E989FB3D18D5F75F009147CD /* oscpack */,
			);
			path = libs;
			sourceTree = "<group>";
		};
		E989FB3D18D5F75F009147CD /* oscpack */ = {
			isa = PBXGroup;
			children = (
				E989FB3E18D5F75F009147CD /* src */,
			);
			path = oscpack;
			sourceTree = "<group>";
		};
		E989FB3E18D5F75F009147CD /* src */ = {
			isa = PBXGroup;
			children = (
				E989FB3F18D5F75F009147CD /* ip */,
				E989FB4C18D5F75F009147CD /* osc */,
			);
			path = src;
			sourceTree = "<group>";
		};
		E989FB3F18D5F75F009147CD /* ip */ = {
			isa = PBXGroup;
			children = (
				E989FB4018D5F75F009147CD /* IpEndpointName.cpp */,
				E989FB4118D5F75F009147CD /* IpEndpointName.h */,
				E989FB4218D5F75F009147CD /* NetworkingUtils.h */,
				E989FB4318D5F75F009147CD /* PacketListener.h */,
				E989FB4418D5F75F009147CD /* posix */,
				E989FB4718D5F75F009147CD /* TimerListener.h */,
				E989FB4818D5F75F009147CD /* UdpSocket.h */,
			);
			path = ip;
			sourceTree = "<group>";
		};
		E989FB4418D5F75F009147CD /* posix */ = {
			isa = PBXGroup;
			children = (
				E989FB4518D5F75F009147CD /* NetworkingUtils.cpp */,
				E989FB4618D5F75F009147CD /* UdpSocket.cpp */,
			);
			path = posix;
			sourceTree = "<group>";
		};
		E989FB4C18D5F75F009147CD /* osc */ = {
			isa = PBXGroup;
			children = (
				E989FB4D18D5F75F009147CD /* MessageMappingOscPacketListener.h */,
				E989FB4E18D5F75F009147CD /* OscException.h */,
				E989FB4F18D5F75F009147CD /* OscHostEndianness.h */,
				E989FB5018D5F75F009147CD /* OscOutboundPacketStream.cpp */,
				E989FB5118D5F75F009147CD /* OscOutboundPacketStream.h */,
				E989FB5218D5F75F009147CD /* OscPacketListener.h */,
				E989FB5318D5F75F009147CD /* OscPrintReceivedElements.cpp */,
				E989FB5418D5F75F009147CD /* OscPrintReceivedElements.h */,
				E989FB5518D5F75F009147CD /* OscReceivedElements.cpp */,
				E989FB5618D5F75F009147CD /* OscReceivedElements.h */,
				E989FB5718D5F75F009147CD /* OscTypes.cpp */,
				E989FB5818D5F75F009147CD /* OscTypes.h */,
			);
			path = osc;
			sourceTree = "<group>";
		};
		E989FB5A18D5F75F009147CD /* src */ = {
			isa = PBXGroup;
			children = (
				E989FB5B18D5F75F009147CD /* ofxOsc.h */,
				E989FB5C18D5F75F009147CD /* ofxOscArg.h */,
				E989FB5D18D5F75F009147CD /* ofxOscBundle.cpp */,
				E989FB5E18D5F75F009147CD /* ofxOscBundle.h */,
				E989FB5F18D5F75F009147CD /* ofxOscMessage.cpp */,
				E989FB6018D5F75F009147CD /* ofxOscMessage.h */,
				E989FB6118D5F75F009147CD /* ofxOscReceiver.cpp */,
				E989FB6218D5F75F009147CD /* ofxOscReceiver.h */,
				E989FB6318D5F75F009147CD /* ofxOscSender.cpp */,
				E989FB6418D5F75F009147CD /* ofxOscSender.h */,
			);
			path = src;
			sourceTree = "<group>";
		};
		E989FBC618D5FA76009147CD /* ofxMSAInteractiveObject */ = {
			isa = PBXGroup;
			children = (
				E989FBC718D5FA76009147CD /* .gitignore */,
				E989FBC818D5FA76009147CD /* changelog.txt */,
				E989FBC918D5FA76009147CD /* install.xml */,
				E989FBCA18D5FA76009147CD /* LICENSE.txt */,
				E989FBCB18D5FA76009147CD /* README */,
				E989FBCC18D5FA76009147CD /* src */,
			);
			path = ofxMSAInteractiveObject;
			sourceTree = "<group>";
		};
		E989FBCC18D5FA76009147CD /* src */ = {
			isa = PBXGroup;
			children = (
				E989FBCD18D5FA76009147CD /* ofxMSAInteractiveObject.cpp */,
				E989FBCE18D5FA76009147CD /* ofxMSAInteractiveObject.h */,
				E989FBCF18D5FA76009147CD /* ofxMSAInteractiveObjectDelegate.h */,
			);
			path = src;
			sourceTree = "<group>";
		};
		E989FBD118D5FA92009147CD /* ofxXmlSettings */ = {
			isa = PBXGroup;
			children = (
				E989FBD218D5FA92009147CD /* libs */,
				E989FBD718D5FA92009147CD /* src */,
			);
			path = ofxXmlSettings;
			sourceTree = "<group>";
		};
		E989FBD218D5FA92009147CD /* libs */ = {
			isa = PBXGroup;
			children = (
				E989FBD318D5FA92009147CD /* tinyxml.cpp */,
				E989FBD418D5FA92009147CD /* tinyxml.h */,
				E989FBD518D5FA92009147CD /* tinyxmlerror.cpp */,
				E989FBD618D5FA92009147CD /* tinyxmlparser.cpp */,
			);
			path = libs;
			sourceTree = "<group>";
		};
		E989FBD718D5FA92009147CD /* src */ = {
			isa = PBXGroup;
			children = (
				E989FBD818D5FA92009147CD /* ofxXmlSettings.cpp */,
				E989FBD918D5FA92009147CD /* ofxXmlSettings.h */,
			);
			path = src;
			sourceTree = "<group>";
		};
		E9991FAD18E06B2F002647B3 /* ofxGui */ = {
			isa = PBXGroup;
			children = (
				E9991FAE18E06B2F002647B3 /* src */,
			);
			path = ofxGui;
			sourceTree = "<group>";
		};
		E9991FAE18E06B2F002647B3 /* src */ = {
			isa = PBXGroup;
			children = (
				E9991FAF18E06B2F002647B3 /* ofxBaseGui.cpp */,
				E9991FB018E06B2F002647B3 /* ofxBaseGui.h */,
				E9991FB118E06B2F002647B3 /* ofxButton.cpp */,
				E9991FB218E06B2F002647B3 /* ofxButton.h */,
				E9991FB318E06B2F002647B3 /* ofxGui.h */,
				E9991FB418E06B2F002647B3 /* ofxGuiGroup.cpp */,
				E9991FB518E06B2F002647B3 /* ofxGuiGroup.h */,
				E9991FB618E06B2F002647B3 /* ofxLabel.cpp */,
				E9991FB718E06B2F002647B3 /* ofxLabel.h */,
				E9991FB818E06B2F002647B3 /* ofxPanel.cpp */,
				E9991FB918E06B2F002647B3 /* ofxPanel.h */,
				E9991FBA18E06B2F002647B3 /* ofxSlider.cpp */,
				E9991FBB18E06B2F002647B3 /* ofxSlider.h */,
				E9991FBC18E06B2F002647B3 /* ofxSliderGroup.cpp */,
				E9991FBD18E06B2F002647B3 /* ofxSliderGroup.h */,
				E9991FBE18E06B2F002647B3 /* ofxToggle.cpp */,
				E9991FBF18E06B2F002647B3 /* ofxToggle.h */,
			);
			path = src;
			sourceTree = "<group>";
		};
/* End PBXGroup section */

/* Begin PBXNativeTarget section */
		E4B69B5A0A3A1756003C02F2 /* FluidTest */ = {
			isa = PBXNativeTarget;
			buildConfigurationList = E4B69B5F0A3A1757003C02F2 /* Build configuration list for PBXNativeTarget "FluidTest" */;
			buildPhases = (
				E4B69B580A3A1756003C02F2 /* Sources */,
				E4B69B590A3A1756003C02F2 /* Frameworks */,
				E4B6FFFD0C3F9AB9008CF71C /* ShellScript */,
				E4C2427710CC5ABF004149E2 /* CopyFiles */,
			);
			buildRules = (
			);
			dependencies = (
				E4EEB9AC138B136A00A80321 /* PBXTargetDependency */,
			);
			name = FluidTest;
			productName = myOFApp;
			productReference = E4B69B5B0A3A1756003C02F2 /* FluidTestDebug.app */;
			productType = "com.apple.product-type.application";
		};
/* End PBXNativeTarget section */

/* Begin PBXProject section */
		E4B69B4C0A3A1720003C02F2 /* Project object */ = {
			isa = PBXProject;
			attributes = {
				LastUpgradeCheck = 0460;
			};
			buildConfigurationList = E4B69B4D0A3A1720003C02F2 /* Build configuration list for PBXProject "FluidTest" */;
			compatibilityVersion = "Xcode 3.2";
			developmentRegion = English;
			hasScannedForEncodings = 0;
			knownRegions = (
				English,
				Japanese,
				French,
				German,
			);
			mainGroup = E4B69B4A0A3A1720003C02F2;
			productRefGroup = E4B69B4A0A3A1720003C02F2;
			projectDirPath = "";
			projectReferences = (
				{
					ProductGroup = E4328144138ABC890047C5CB /* Products */;
					ProjectRef = E4328143138ABC890047C5CB /* openFrameworksLib.xcodeproj */;
				},
			);
			projectRoot = "";
			targets = (
				E4B69B5A0A3A1756003C02F2 /* FluidTest */,
			);
		};
/* End PBXProject section */

/* Begin PBXReferenceProxy section */
		E4328148138ABC890047C5CB /* openFrameworksDebug.a */ = {
			isa = PBXReferenceProxy;
			fileType = archive.ar;
			path = openFrameworksDebug.a;
			remoteRef = E4328147138ABC890047C5CB /* PBXContainerItemProxy */;
			sourceTree = BUILT_PRODUCTS_DIR;
		};
/* End PBXReferenceProxy section */

/* Begin PBXShellScriptBuildPhase section */
		E4B6FFFD0C3F9AB9008CF71C /* ShellScript */ = {
			isa = PBXShellScriptBuildPhase;
			buildActionMask = 2147483647;
			files = (
			);
			inputPaths = (
			);
			outputPaths = (
			);
			runOnlyForDeploymentPostprocessing = 0;
			shellPath = /bin/sh;
			shellScript = "cp -f ../../../libs/fmodex/lib/osx/libfmodex.dylib \"$TARGET_BUILD_DIR/$PRODUCT_NAME.app/Contents/MacOS/libfmodex.dylib\"; install_name_tool -change ./libfmodex.dylib @executable_path/libfmodex.dylib \"$TARGET_BUILD_DIR/$PRODUCT_NAME.app/Contents/MacOS/$PRODUCT_NAME\";\nmkdir -p \"$TARGET_BUILD_DIR/$PRODUCT_NAME.app/Contents/Resources/\"\ncp -f \"$ICON_FILE\" \"$TARGET_BUILD_DIR/$PRODUCT_NAME.app/Contents/Resources/\"\n";
		};
/* End PBXShellScriptBuildPhase section */

/* Begin PBXSourcesBuildPhase section */
		E4B69B580A3A1756003C02F2 /* Sources */ = {
			isa = PBXSourcesBuildPhase;
			buildActionMask = 2147483647;
			files = (
				E989FB6E18D5F75F009147CD /* ofxOscBundle.cpp in Sources */,
				E989FB7018D5F75F009147CD /* ofxOscReceiver.cpp in Sources */,
				E989FB6618D5F75F009147CD /* NetworkingUtils.cpp in Sources */,
				E4B69E200A3A1BDC003C02F2 /* main.cpp in Sources */,
				E9991FC018E06B2F002647B3 /* ofxBaseGui.cpp in Sources */,
				E989FACE18D5D9B1009147CD /* Particle.cpp in Sources */,
				E989FACF18D5D9B1009147CD /* ParticleSystem.cpp in Sources */,
				E989FB6F18D5F75F009147CD /* ofxOscMessage.cpp in Sources */,
				E9991FC718E06B2F002647B3 /* ofxToggle.cpp in Sources */,
				E989FBDD18D5FA92009147CD /* ofxXmlSettings.cpp in Sources */,
				E9991FC218E06B2F002647B3 /* ofxGuiGroup.cpp in Sources */,
				E9991FC618E06B2F002647B3 /* ofxSliderGroup.cpp in Sources */,
				E989FB6C18D5F75F009147CD /* OscReceivedElements.cpp in Sources */,
				E989FB6D18D5F75F009147CD /* OscTypes.cpp in Sources */,
				E989FBDA18D5FA92009147CD /* tinyxml.cpp in Sources */,
				E4B69E210A3A1BDC003C02F2 /* testApp.cpp in Sources */,
				E989FADC18D5DA2F009147CD /* MSACoreGL.cpp in Sources */,
				E9991FC118E06B2F002647B3 /* ofxButton.cpp in Sources */,
				E989FBDC18D5FA92009147CD /* tinyxmlparser.cpp in Sources */,
				825FA11382B216421AC896A6 /* MSAFluidDrawerBase.cpp in Sources */,
				E9991FC418E06B2F002647B3 /* ofxPanel.cpp in Sources */,
				E9991FC318E06B2F002647B3 /* ofxLabel.cpp in Sources */,
				E9991FC518E06B2F002647B3 /* ofxSlider.cpp in Sources */,
				E989FB6518D5F75F009147CD /* IpEndpointName.cpp in Sources */,
				E989FB6718D5F75F009147CD /* UdpSocket.cpp in Sources */,
				E989FBDB18D5FA92009147CD /* tinyxmlerror.cpp in Sources */,
				E989FB7118D5F75F009147CD /* ofxOscSender.cpp in Sources */,
				E989FB6A18D5F75F009147CD /* OscOutboundPacketStream.cpp in Sources */,
				E989FBD018D5FA76009147CD /* ofxMSAInteractiveObject.cpp in Sources */,
				5EB9303FA9B240750638AE7C /* MSAFluidSolver.cpp in Sources */,
				E989FB6B18D5F75F009147CD /* OscPrintReceivedElements.cpp in Sources */,
			);
			runOnlyForDeploymentPostprocessing = 0;
		};
/* End PBXSourcesBuildPhase section */

/* Begin PBXTargetDependency section */
		E4EEB9AC138B136A00A80321 /* PBXTargetDependency */ = {
			isa = PBXTargetDependency;
			name = openFrameworks;
			targetProxy = E4EEB9AB138B136A00A80321 /* PBXContainerItemProxy */;
		};
/* End PBXTargetDependency section */

/* Begin XCBuildConfiguration section */
		E4B69B4E0A3A1720003C02F2 /* Debug */ = {
			isa = XCBuildConfiguration;
			baseConfigurationReference = E4EB6923138AFD0F00A09F29 /* Project.xcconfig */;
			buildSettings = {
				ARCHS = "$(NATIVE_ARCH)";
				CONFIGURATION_BUILD_DIR = "$(SRCROOT)/bin/";
				COPY_PHASE_STRIP = NO;
				DEAD_CODE_STRIPPING = YES;
				GCC_AUTO_VECTORIZATION = YES;
				GCC_ENABLE_SSE3_EXTENSIONS = YES;
				GCC_ENABLE_SUPPLEMENTAL_SSE3_INSTRUCTIONS = YES;
				GCC_INLINES_ARE_PRIVATE_EXTERN = NO;
				GCC_OPTIMIZATION_LEVEL = 0;
				GCC_SYMBOLS_PRIVATE_EXTERN = NO;
				GCC_WARN_ABOUT_DEPRECATED_FUNCTIONS = YES;
				GCC_WARN_ABOUT_INVALID_OFFSETOF_MACRO = NO;
				GCC_WARN_ALLOW_INCOMPLETE_PROTOCOL = NO;
				GCC_WARN_UNINITIALIZED_AUTOS = NO;
				GCC_WARN_UNUSED_VALUE = NO;
				GCC_WARN_UNUSED_VARIABLE = NO;
				HEADER_SEARCH_PATHS = (
					"$(OF_CORE_HEADERS)",
					../../../addons/ofxMSAFluid/libs,
					../../../addons/ofxMSAFluid/src,
				);
				MACOSX_DEPLOYMENT_TARGET = 10.6;
				OTHER_CPLUSPLUSFLAGS = (
					"-D__MACOSX_CORE__",
					"-lpthread",
					"-mtune=native",
				);
				SDKROOT = macosx;
			};
			name = Debug;
		};
		E4B69B4F0A3A1720003C02F2 /* Release */ = {
			isa = XCBuildConfiguration;
			baseConfigurationReference = E4EB6923138AFD0F00A09F29 /* Project.xcconfig */;
			buildSettings = {
				ARCHS = "$(NATIVE_ARCH)";
				CONFIGURATION_BUILD_DIR = "$(SRCROOT)/bin/";
				COPY_PHASE_STRIP = YES;
				DEAD_CODE_STRIPPING = YES;
				GCC_AUTO_VECTORIZATION = YES;
				GCC_ENABLE_SSE3_EXTENSIONS = YES;
				GCC_ENABLE_SUPPLEMENTAL_SSE3_INSTRUCTIONS = YES;
				GCC_INLINES_ARE_PRIVATE_EXTERN = NO;
				GCC_OPTIMIZATION_LEVEL = 3;
				GCC_SYMBOLS_PRIVATE_EXTERN = NO;
				GCC_UNROLL_LOOPS = YES;
				GCC_WARN_ABOUT_DEPRECATED_FUNCTIONS = YES;
				GCC_WARN_ABOUT_INVALID_OFFSETOF_MACRO = NO;
				GCC_WARN_ALLOW_INCOMPLETE_PROTOCOL = NO;
				GCC_WARN_UNINITIALIZED_AUTOS = NO;
				GCC_WARN_UNUSED_VALUE = NO;
				GCC_WARN_UNUSED_VARIABLE = NO;
				HEADER_SEARCH_PATHS = (
					"$(OF_CORE_HEADERS)",
					../../../addons/ofxMSAFluid/libs,
					../../../addons/ofxMSAFluid/src,
				);
				MACOSX_DEPLOYMENT_TARGET = 10.6;
				OTHER_CPLUSPLUSFLAGS = (
					"-D__MACOSX_CORE__",
					"-lpthread",
					"-mtune=native",
				);
				SDKROOT = macosx;
			};
			name = Release;
		};
		E4B69B600A3A1757003C02F2 /* Debug */ = {
			isa = XCBuildConfiguration;
			buildSettings = {
				COMBINE_HIDPI_IMAGES = YES;
				COPY_PHASE_STRIP = NO;
				FRAMEWORK_SEARCH_PATHS = (
					"$(inherited)",
					"$(FRAMEWORK_SEARCH_PATHS_QUOTED_FOR_TARGET_1)",
				);
				FRAMEWORK_SEARCH_PATHS_QUOTED_FOR_TARGET_1 = "\"$(SRCROOT)/../../../libs/glut/lib/osx\"";
				GCC_DYNAMIC_NO_PIC = NO;
				GCC_GENERATE_DEBUGGING_SYMBOLS = YES;
				GCC_MODEL_TUNING = NONE;
				ICON = "$(ICON_NAME_DEBUG)";
				ICON_FILE = "$(ICON_FILE_PATH)$(ICON)";
				INFOPLIST_FILE = "openFrameworks-Info.plist";
				INSTALL_PATH = "$(HOME)/Applications";
				LIBRARY_SEARCH_PATHS = (
					"$(inherited)",
					"$(LIBRARY_SEARCH_PATHS_QUOTED_FOR_TARGET_1)",
					"$(LIBRARY_SEARCH_PATHS_QUOTED_FOR_TARGET_2)",
					"$(LIBRARY_SEARCH_PATHS_QUOTED_FOR_TARGET_3)",
					"$(LIBRARY_SEARCH_PATHS_QUOTED_FOR_TARGET_4)",
					"$(LIBRARY_SEARCH_PATHS_QUOTED_FOR_TARGET_5)",
					"$(LIBRARY_SEARCH_PATHS_QUOTED_FOR_TARGET_6)",
					"$(LIBRARY_SEARCH_PATHS_QUOTED_FOR_TARGET_7)",
					"$(LIBRARY_SEARCH_PATHS_QUOTED_FOR_TARGET_8)",
					"$(LIBRARY_SEARCH_PATHS_QUOTED_FOR_TARGET_9)",
					"$(LIBRARY_SEARCH_PATHS_QUOTED_FOR_TARGET_10)",
					"$(LIBRARY_SEARCH_PATHS_QUOTED_FOR_TARGET_11)",
					"$(LIBRARY_SEARCH_PATHS_QUOTED_FOR_TARGET_12)",
					"$(LIBRARY_SEARCH_PATHS_QUOTED_FOR_TARGET_13)",
					"$(LIBRARY_SEARCH_PATHS_QUOTED_FOR_TARGET_14)",
					"$(LIBRARY_SEARCH_PATHS_QUOTED_FOR_TARGET_15)",
					"$(LIBRARY_SEARCH_PATHS_QUOTED_FOR_TARGET_2)",
					"$(LIBRARY_SEARCH_PATHS_QUOTED_FOR_TARGET_3)",
					"$(LIBRARY_SEARCH_PATHS_QUOTED_FOR_TARGET_7)",
					"$(LIBRARY_SEARCH_PATHS_QUOTED_FOR_TARGET_8)",
					"$(LIBRARY_SEARCH_PATHS_QUOTED_FOR_TARGET_9)",
					"$(LIBRARY_SEARCH_PATHS_QUOTED_FOR_TARGET_10)",
					"$(LIBRARY_SEARCH_PATHS_QUOTED_FOR_TARGET_11)",
					"$(LIBRARY_SEARCH_PATHS_QUOTED_FOR_TARGET_12)",
					"$(LIBRARY_SEARCH_PATHS_QUOTED_FOR_TARGET_13)",
					"$(LIBRARY_SEARCH_PATHS_QUOTED_FOR_TARGET_16)",
					"$(LIBRARY_SEARCH_PATHS_QUOTED_FOR_TARGET_17)",
					"$(LIBRARY_SEARCH_PATHS_QUOTED_FOR_TARGET_18)",
					"$(LIBRARY_SEARCH_PATHS_QUOTED_FOR_TARGET_19)",
					"$(LIBRARY_SEARCH_PATHS_QUOTED_FOR_TARGET_20)",
					"$(LIBRARY_SEARCH_PATHS_QUOTED_FOR_TARGET_21)",
					"$(LIBRARY_SEARCH_PATHS_QUOTED_FOR_TARGET_22)",
					"$(LIBRARY_SEARCH_PATHS_QUOTED_FOR_TARGET_23)",
					"$(LIBRARY_SEARCH_PATHS_QUOTED_FOR_TARGET_24)",
					"$(LIBRARY_SEARCH_PATHS_QUOTED_FOR_TARGET_25)",
					"$(LIBRARY_SEARCH_PATHS_QUOTED_FOR_TARGET_26)",
					"$(LIBRARY_SEARCH_PATHS_QUOTED_FOR_TARGET_27)",
					"$(LIBRARY_SEARCH_PATHS_QUOTED_FOR_TARGET_28)",
					"$(LIBRARY_SEARCH_PATHS_QUOTED_FOR_TARGET_29)",
					"$(LIBRARY_SEARCH_PATHS_QUOTED_FOR_TARGET_30)",
					"$(LIBRARY_SEARCH_PATHS_QUOTED_FOR_TARGET_31)",
					"$(LIBRARY_SEARCH_PATHS_QUOTED_FOR_TARGET_32)",
					"$(LIBRARY_SEARCH_PATHS_QUOTED_FOR_TARGET_33)",
					"$(LIBRARY_SEARCH_PATHS_QUOTED_FOR_TARGET_34)",
					"$(LIBRARY_SEARCH_PATHS_QUOTED_FOR_TARGET_35)",
					"$(LIBRARY_SEARCH_PATHS_QUOTED_FOR_TARGET_36)",
					"$(LIBRARY_SEARCH_PATHS_QUOTED_FOR_TARGET_37)",
					"$(LIBRARY_SEARCH_PATHS_QUOTED_FOR_TARGET_38)",
					"$(LIBRARY_SEARCH_PATHS_QUOTED_FOR_TARGET_39)",
					"$(LIBRARY_SEARCH_PATHS_QUOTED_FOR_TARGET_40)",
					"$(LIBRARY_SEARCH_PATHS_QUOTED_FOR_TARGET_41)",
					"$(LIBRARY_SEARCH_PATHS_QUOTED_FOR_TARGET_42)",
					"$(LIBRARY_SEARCH_PATHS_QUOTED_FOR_TARGET_43)",
					"$(LIBRARY_SEARCH_PATHS_QUOTED_FOR_TARGET_44)",
					"$(LIBRARY_SEARCH_PATHS_QUOTED_FOR_TARGET_45)",
					"$(LIBRARY_SEARCH_PATHS_QUOTED_FOR_TARGET_46)",
					"$(LIBRARY_SEARCH_PATHS_QUOTED_FOR_TARGET_47)",
					"$(LIBRARY_SEARCH_PATHS_QUOTED_FOR_TARGET_48)",
					"$(LIBRARY_SEARCH_PATHS_QUOTED_FOR_TARGET_49)",
					"$(LIBRARY_SEARCH_PATHS_QUOTED_FOR_TARGET_50)",
					"$(LIBRARY_SEARCH_PATHS_QUOTED_FOR_TARGET_51)",
					"$(LIBRARY_SEARCH_PATHS_QUOTED_FOR_TARGET_52)",
				);
				PRODUCT_NAME = "$(TARGET_NAME)Debug";
				WRAPPER_EXTENSION = app;
			};
			name = Debug;
		};
		E4B69B610A3A1757003C02F2 /* Release */ = {
			isa = XCBuildConfiguration;
			buildSettings = {
				COMBINE_HIDPI_IMAGES = YES;
				COPY_PHASE_STRIP = YES;
				FRAMEWORK_SEARCH_PATHS = (
					"$(inherited)",
					"$(FRAMEWORK_SEARCH_PATHS_QUOTED_FOR_TARGET_1)",
				);
				FRAMEWORK_SEARCH_PATHS_QUOTED_FOR_TARGET_1 = "\"$(SRCROOT)/../../../libs/glut/lib/osx\"";
				GCC_GENERATE_DEBUGGING_SYMBOLS = YES;
				GCC_MODEL_TUNING = NONE;
				ICON = "$(ICON_NAME_RELEASE)";
				ICON_FILE = "$(ICON_FILE_PATH)$(ICON)";
				INFOPLIST_FILE = "openFrameworks-Info.plist";
				INSTALL_PATH = "$(HOME)/Applications";
				LIBRARY_SEARCH_PATHS = (
					"$(inherited)",
					"$(LIBRARY_SEARCH_PATHS_QUOTED_FOR_TARGET_1)",
					"$(LIBRARY_SEARCH_PATHS_QUOTED_FOR_TARGET_2)",
					"$(LIBRARY_SEARCH_PATHS_QUOTED_FOR_TARGET_3)",
					"$(LIBRARY_SEARCH_PATHS_QUOTED_FOR_TARGET_4)",
					"$(LIBRARY_SEARCH_PATHS_QUOTED_FOR_TARGET_5)",
					"$(LIBRARY_SEARCH_PATHS_QUOTED_FOR_TARGET_6)",
					"$(LIBRARY_SEARCH_PATHS_QUOTED_FOR_TARGET_7)",
					"$(LIBRARY_SEARCH_PATHS_QUOTED_FOR_TARGET_8)",
					"$(LIBRARY_SEARCH_PATHS_QUOTED_FOR_TARGET_9)",
					"$(LIBRARY_SEARCH_PATHS_QUOTED_FOR_TARGET_10)",
					"$(LIBRARY_SEARCH_PATHS_QUOTED_FOR_TARGET_11)",
					"$(LIBRARY_SEARCH_PATHS_QUOTED_FOR_TARGET_12)",
					"$(LIBRARY_SEARCH_PATHS_QUOTED_FOR_TARGET_13)",
					"$(LIBRARY_SEARCH_PATHS_QUOTED_FOR_TARGET_14)",
					"$(LIBRARY_SEARCH_PATHS_QUOTED_FOR_TARGET_15)",
					"$(LIBRARY_SEARCH_PATHS_QUOTED_FOR_TARGET_2)",
					"$(LIBRARY_SEARCH_PATHS_QUOTED_1)",
					"$(LIBRARY_SEARCH_PATHS_QUOTED_FOR_TARGET_3)",
					"$(LIBRARY_SEARCH_PATHS_QUOTED_FOR_TARGET_7)",
					"$(LIBRARY_SEARCH_PATHS_QUOTED_FOR_TARGET_8)",
					"$(LIBRARY_SEARCH_PATHS_QUOTED_FOR_TARGET_9)",
					"$(LIBRARY_SEARCH_PATHS_QUOTED_FOR_TARGET_10)",
					"$(LIBRARY_SEARCH_PATHS_QUOTED_FOR_TARGET_11)",
					"$(LIBRARY_SEARCH_PATHS_QUOTED_FOR_TARGET_12)",
					"$(LIBRARY_SEARCH_PATHS_QUOTED_FOR_TARGET_13)",
					"$(LIBRARY_SEARCH_PATHS_QUOTED_FOR_TARGET_16)",
					"$(LIBRARY_SEARCH_PATHS_QUOTED_FOR_TARGET_17)",
					"$(LIBRARY_SEARCH_PATHS_QUOTED_FOR_TARGET_18)",
					"$(LIBRARY_SEARCH_PATHS_QUOTED_FOR_TARGET_19)",
					"$(LIBRARY_SEARCH_PATHS_QUOTED_FOR_TARGET_20)",
					"$(LIBRARY_SEARCH_PATHS_QUOTED_FOR_TARGET_21)",
					"$(LIBRARY_SEARCH_PATHS_QUOTED_FOR_TARGET_22)",
					"$(LIBRARY_SEARCH_PATHS_QUOTED_FOR_TARGET_23)",
					"$(LIBRARY_SEARCH_PATHS_QUOTED_FOR_TARGET_24)",
					"$(LIBRARY_SEARCH_PATHS_QUOTED_FOR_TARGET_25)",
					"$(LIBRARY_SEARCH_PATHS_QUOTED_FOR_TARGET_26)",
					"$(LIBRARY_SEARCH_PATHS_QUOTED_FOR_TARGET_27)",
					"$(LIBRARY_SEARCH_PATHS_QUOTED_FOR_TARGET_28)",
					"$(LIBRARY_SEARCH_PATHS_QUOTED_FOR_TARGET_29)",
					"$(LIBRARY_SEARCH_PATHS_QUOTED_FOR_TARGET_30)",
					"$(LIBRARY_SEARCH_PATHS_QUOTED_FOR_TARGET_31)",
					"$(LIBRARY_SEARCH_PATHS_QUOTED_FOR_TARGET_32)",
					"$(LIBRARY_SEARCH_PATHS_QUOTED_FOR_TARGET_33)",
					"$(LIBRARY_SEARCH_PATHS_QUOTED_FOR_TARGET_34)",
					"$(LIBRARY_SEARCH_PATHS_QUOTED_FOR_TARGET_35)",
					"$(LIBRARY_SEARCH_PATHS_QUOTED_FOR_TARGET_36)",
					"$(LIBRARY_SEARCH_PATHS_QUOTED_FOR_TARGET_37)",
					"$(LIBRARY_SEARCH_PATHS_QUOTED_FOR_TARGET_38)",
					"$(LIBRARY_SEARCH_PATHS_QUOTED_FOR_TARGET_39)",
					"$(LIBRARY_SEARCH_PATHS_QUOTED_FOR_TARGET_40)",
					"$(LIBRARY_SEARCH_PATHS_QUOTED_FOR_TARGET_41)",
					"$(LIBRARY_SEARCH_PATHS_QUOTED_FOR_TARGET_42)",
					"$(LIBRARY_SEARCH_PATHS_QUOTED_FOR_TARGET_43)",
					"$(LIBRARY_SEARCH_PATHS_QUOTED_FOR_TARGET_44)",
					"$(LIBRARY_SEARCH_PATHS_QUOTED_FOR_TARGET_45)",
					"$(LIBRARY_SEARCH_PATHS_QUOTED_FOR_TARGET_46)",
					"$(LIBRARY_SEARCH_PATHS_QUOTED_FOR_TARGET_47)",
					"$(LIBRARY_SEARCH_PATHS_QUOTED_FOR_TARGET_48)",
					"$(LIBRARY_SEARCH_PATHS_QUOTED_FOR_TARGET_49)",
					"$(LIBRARY_SEARCH_PATHS_QUOTED_FOR_TARGET_50)",
					"$(LIBRARY_SEARCH_PATHS_QUOTED_FOR_TARGET_51)",
				);
				PRODUCT_NAME = "$(TARGET_NAME)";
				WRAPPER_EXTENSION = app;
			};
			name = Release;
		};
/* End XCBuildConfiguration section */

/* Begin XCConfigurationList section */
		E4B69B4D0A3A1720003C02F2 /* Build configuration list for PBXProject "FluidTest" */ = {
			isa = XCConfigurationList;
			buildConfigurations = (
				E4B69B4E0A3A1720003C02F2 /* Debug */,
				E4B69B4F0A3A1720003C02F2 /* Release */,
			);
			defaultConfigurationIsVisible = 0;
			defaultConfigurationName = Release;
		};
		E4B69B5F0A3A1757003C02F2 /* Build configuration list for PBXNativeTarget "FluidTest" */ = {
			isa = XCConfigurationList;
			buildConfigurations = (
				E4B69B600A3A1757003C02F2 /* Debug */,
				E4B69B610A3A1757003C02F2 /* Release */,
			);
			defaultConfigurationIsVisible = 0;
			defaultConfigurationName = Release;
		};
/* End XCConfigurationList section */
	};
	rootObject = E4B69B4C0A3A1720003C02F2 /* Project object */;
}
